
Microsoft Visual Studio Solution File, Format Version 12.00
# Visual Studio Version 16
VisualStudioVersion = 16.0.29020.237
MinimumVisualStudioVersion = 10.0.40219.1
Project("{FAE04EC0-301F-11D3-BF4B-00C04F79EFBC}") = "WPFBloodBank", "WPFBloodBank\WPFBloodBank.csproj", "{F23E572D-79AB-43EF-8778-8C7A34688553}"
EndProject
Global
	GlobalSection(SolutionConfigurationPlatforms) = preSolution
		Debug|Any CPU = Debug|Any CPU
		Release|Any CPU = Release|Any CPU
	EndGlobalSection
	GlobalSection(ProjectConfigurationPlatforms) = postSolution
		{F23E572D-79AB-43EF-8778-8C7A34688553}.Debug|Any CPU.ActiveCfg = Debug|Any CPU
		{F23E572D-79AB-43EF-8778-8C7A34688553}.Debug|Any CPU.Build.0 = Debug|Any CPU
		{F23E572D-79AB-43EF-8778-8C7A34688553}.Release|Any CPU.ActiveCfg = Release|Any CPU
		{F23E572D-79AB-43EF-8778-8C7A34688553}.Release|Any CPU.Build.0 = Release|Any CPU
	EndGlobalSection
	GlobalSection(SolutionProperties) = preSolution
		HideSolutionNode = FALSE
	EndGlobalSection
	GlobalSection(ExtensibilityGlobals) = postSolution
		SolutionGuid = {A322A2AC-BF7C-4B26-9327-72A9B72527EF}
	EndGlobalSection
EndGlobal
